{
  "originHash" : "6d590160264a00fc352a10156893482bd5a7962aef64e4e4cfcac60b10b6e558",
  "pins" : [
    {
      "identity" : "launchatlogin-modern",
      "kind" : "remoteSourceControl",
      "location" : "https://github.com/sindresorhus/LaunchAtLogin-Modern",
      "state" : {
        "branch" : "main",
        "revision" : "a04ec1c363be3627734f6dad757d82f5d4fa8fcc"
      }
    },
    {
      "identity" : "tinymoon",
      "kind" : "remoteSourceControl",
      "location" : "https://github.com/mannylopez/TinyMoon",
      "state" : {
        "branch" : "main",
        "revision" : "68fd277efc3b418801b8d88c908ec07452f47e3b"
      }
    }
  ],
  "version" : 3
}
