{
  "originHash" : "032843f759ee5cd7b4eae20888740417f72e9e6bf2e4f6e6f79611be2dd4f6e9",
  "pins" : [
    {
      "identity" : "launchatlogin-modern",
      "kind" : "remoteSourceControl",
      "location" : "https://github.com/sindresorhus/LaunchAtLogin-Modern",
      "state" : {
        "branch" : "main",
        "revision" : "a04ec1c363be3627734f6dad757d82f5d4fa8fcc"
      }
    },
    {
      "identity" : "tinymoon",
      "kind" : "remoteSourceControl",
      "location" : "https://github.com/mannylopez/TinyMoon",
      "state" : {
        "revision" : "c7f5b3ae6504687c5e485b165c785b83ac13fe57",
        "version" : "1.1.0"
      }
    }
  ],
  "version" : 3
}
